
Microsoft Visual Studio Solution File, Format Version 12.00
# Visual Studio Version 17
VisualStudioVersion = 17.10.34928.147
MinimumVisualStudioVersion = 10.0.40219.1
Project("{FAE04EC0-301F-11D3-BF4B-00C04F79EFBC}") = "CrossRepoActions", "CrossRepoActions\CrossRepoActions.csproj", "{914F1286-2B53-4AB8-952A-B045CD440819}"
EndProject
Project("{FAE04EC0-301F-11D3-BF4B-00C04F79EFBC}") = "CrossRepoActions.Test", "CrossRepoActions.Test\CrossRepoActions.Test.csproj", "{738BF3B9-02D9-4834-AA3A-301FA2E9F0CD}"
EndProject
Global
	GlobalSection(SolutionConfigurationPlatforms) = preSolution
		Debug|Any CPU = Debug|Any CPU
		Debug|x64 = Debug|x64
		Debug|x86 = Debug|x86
		Release|Any CPU = Release|Any CPU
		Release|x64 = Release|x64
		Release|x86 = Release|x86
	EndGlobalSection
	GlobalSection(ProjectConfigurationPlatforms) = postSolution
		{914F1286-2B53-4AB8-952A-B045CD440819}.Debug|Any CPU.ActiveCfg = Debug|Any CPU
		{914F1286-2B53-4AB8-952A-B045CD440819}.Debug|Any CPU.Build.0 = Debug|Any CPU
		{914F1286-2B53-4AB8-952A-B045CD440819}.Debug|x64.ActiveCfg = Debug|Any CPU
		{914F1286-2B53-4AB8-952A-B045CD440819}.Debug|x64.Build.0 = Debug|Any CPU
		{914F1286-2B53-4AB8-952A-B045CD440819}.Debug|x86.ActiveCfg = Debug|Any CPU
		{914F1286-2B53-4AB8-952A-B045CD440819}.Debug|x86.Build.0 = Debug|Any CPU
		{914F1286-2B53-4AB8-952A-B045CD440819}.Release|Any CPU.ActiveCfg = Release|Any CPU
		{914F1286-2B53-4AB8-952A-B045CD440819}.Release|Any CPU.Build.0 = Release|Any CPU
		{914F1286-2B53-4AB8-952A-B045CD440819}.Release|x64.ActiveCfg = Release|Any CPU
		{914F1286-2B53-4AB8-952A-B045CD440819}.Release|x64.Build.0 = Release|Any CPU
		{914F1286-2B53-4AB8-952A-B045CD440819}.Release|x86.ActiveCfg = Release|Any CPU
		{914F1286-2B53-4AB8-952A-B045CD440819}.Release|x86.Build.0 = Release|Any CPU
		{738BF3B9-02D9-4834-AA3A-301FA2E9F0CD}.Debug|Any CPU.ActiveCfg = Debug|Any CPU
		{738BF3B9-02D9-4834-AA3A-301FA2E9F0CD}.Debug|Any CPU.Build.0 = Debug|Any CPU
		{738BF3B9-02D9-4834-AA3A-301FA2E9F0CD}.Debug|x64.ActiveCfg = Debug|Any CPU
		{738BF3B9-02D9-4834-AA3A-301FA2E9F0CD}.Debug|x64.Build.0 = Debug|Any CPU
		{738BF3B9-02D9-4834-AA3A-301FA2E9F0CD}.Debug|x86.ActiveCfg = Debug|Any CPU
		{738BF3B9-02D9-4834-AA3A-301FA2E9F0CD}.Debug|x86.Build.0 = Debug|Any CPU
		{738BF3B9-02D9-4834-AA3A-301FA2E9F0CD}.Release|Any CPU.ActiveCfg = Release|Any CPU
		{738BF3B9-02D9-4834-AA3A-301FA2E9F0CD}.Release|Any CPU.Build.0 = Release|Any CPU
		{738BF3B9-02D9-4834-AA3A-301FA2E9F0CD}.Release|x64.ActiveCfg = Release|Any CPU
		{738BF3B9-02D9-4834-AA3A-301FA2E9F0CD}.Release|x64.Build.0 = Release|Any CPU
		{738BF3B9-02D9-4834-AA3A-301FA2E9F0CD}.Release|x86.ActiveCfg = Release|Any CPU
		{738BF3B9-02D9-4834-AA3A-301FA2E9F0CD}.Release|x86.Build.0 = Release|Any CPU
	EndGlobalSection
	GlobalSection(SolutionProperties) = preSolution
		HideSolutionNode = FALSE
	EndGlobalSection
	GlobalSection(ExtensibilityGlobals) = postSolution
		SolutionGuid = {C1AAA19F-4564-4C5E-97A3-3533C1D6C39D}
	EndGlobalSection
EndGlobal
